{
  "nodes": {
    "alacritty_themes": {
      "flake": false,
      "locked": {
        "lastModified": 1714732884,
        "narHash": "sha256-bPup3AKFGVuUC8CzVhWJPKphHdx0GAc62GxWsUWQ7Xk=",
        "owner": "alacritty",
        "repo": "alacritty-theme",
        "rev": "94e1dc0b9511969a426208fbba24bd7448493785",
        "type": "github"
      },
      "original": {
        "owner": "alacritty",
        "repo": "alacritty-theme",
        "type": "github"
      }
    },
    "basmati": {
      "inputs": {
        "flake-utils": "flake-utils",
        "naersk": "naersk",
        "nixpkgs": "nixpkgs"
      },
      "locked": {
        "lastModified": 1717361030,
        "narHash": "sha256-6znlroPpPC48qGcX+XgT414LuOms4Kj6MQHpIMZ6N3M=",
        "owner": "vhsconnect",
        "repo": "basmati",
        "rev": "9c92c96bb31ff8a6322b6dc0e7fff97260616704",
        "type": "github"
      },
      "original": {
        "owner": "vhsconnect",
        "repo": "basmati",
        "type": "github"
      }
    },
    "bbrf": {
      "inputs": {
        "nixpkgs": "nixpkgs_2",
        "utils": "utils"
      },
      "locked": {
        "lastModified": 1713476470,
        "narHash": "sha256-YbQoqRohvQK9A8yk55I8BeT05s+wTgURoepgoB7+rIM=",
        "owner": "vhsconnect",
        "repo": "bbrf-radio",
        "rev": "7e18faec2f606eeab339a1276aade098f8d58e82",
        "type": "github"
      },
      "original": {
        "owner": "vhsconnect",
        "repo": "bbrf-radio",
        "type": "github"
      }
    },
    "colorschemes": {
      "flake": false,
      "locked": {
        "lastModified": 1589579820,
        "narHash": "sha256-JhBnyvuKqP0ddKTUi+oVrfBd4Af/pxW4Goe+DfjB6LE=",
        "owner": "flazz",
        "repo": "vim-colorschemes",
        "rev": "fd8f122cef604330c96a6a6e434682dbdfb878c9",
        "type": "github"
      },
      "original": {
        "owner": "flazz",
        "repo": "vim-colorschemes",
        "type": "github"
      }
    },
    "darwin": {
      "inputs": {
        "nixpkgs": [
          "darwinNixpkgs"
        ]
      },
      "locked": {
        "lastModified": 1711763326,
        "narHash": "sha256-sXcesZWKXFlEQ8oyGHnfk4xc9f2Ip0X/+YZOq3sKviI=",
        "owner": "lnl7",
        "repo": "nix-darwin",
        "rev": "36524adc31566655f2f4d55ad6b875fb5c1a4083",
        "type": "github"
      },
      "original": {
        "owner": "lnl7",
        "ref": "master",
        "repo": "nix-darwin",
        "type": "github"
      }
    },
    "darwinNixpkgs": {
      "locked": {
        "lastModified": 1717100421,
        "narHash": "sha256-T+0Q1QHBDCoa4yBJrY7cG3vDEhqm4PwOLmNI6mzEwVc=",
        "owner": "nixos",
        "repo": "nixpkgs",
        "rev": "75000c2cf4422c8a1776284314921ac1289c02c9",
        "type": "github"
      },
      "original": {
        "owner": "nixos",
        "ref": "nixpkgs-24.05-darwin",
        "repo": "nixpkgs",
        "type": "github"
      }
    },
    "editor": {
      "inputs": {
        "colorschemes": "colorschemes",
        "emmet": "emmet",
        "flake-utils": "flake-utils_2",
        "gen": "gen",
        "gitgutter": "gitgutter",
        "leap-nvim": "leap-nvim",
        "mustache": "mustache",
        "nil": "nil",
        "nixpkgs": [
          "nixpkgs"
        ],
        "nvim-surround": "nvim-surround",
        "oil": "oil",
        "oxocarbon": "oxocarbon",
        "plugin-bufdelete-nvim": "plugin-bufdelete-nvim",
        "plugin-catppuccin": "plugin-catppuccin",
        "plugin-ccls-nvim": "plugin-ccls-nvim",
        "plugin-chatgpt-nvim": "plugin-chatgpt-nvim",
        "plugin-cmp-buffer": "plugin-cmp-buffer",
        "plugin-cmp-dap": "plugin-cmp-dap",
        "plugin-cmp-nvim-lsp": "plugin-cmp-nvim-lsp",
        "plugin-cmp-path": "plugin-cmp-path",
        "plugin-cmp-treesitter": "plugin-cmp-treesitter",
        "plugin-cmp-vsnip": "plugin-cmp-vsnip",
        "plugin-codeium": "plugin-codeium",
        "plugin-crates-nvim": "plugin-crates-nvim",
        "plugin-dracula": "plugin-dracula",
        "plugin-dracula-nvim": "plugin-dracula-nvim",
        "plugin-fidget": "plugin-fidget",
        "plugin-gitsigns-nvim": "plugin-gitsigns-nvim",
        "plugin-glow-nvim": "plugin-glow-nvim",
        "plugin-gruvbox": "plugin-gruvbox",
        "plugin-indent-blankline": "plugin-indent-blankline",
        "plugin-kommentary": "plugin-kommentary",
        "plugin-lsp-signature": "plugin-lsp-signature",
        "plugin-lspkind": "plugin-lspkind",
        "plugin-lspsaga": "plugin-lspsaga",
        "plugin-lualine": "plugin-lualine",
        "plugin-nui-nvim": "plugin-nui-nvim",
        "plugin-null-ls": "plugin-null-ls",
        "plugin-nvim-autopairs": "plugin-nvim-autopairs",
        "plugin-nvim-bufferline-lua": "plugin-nvim-bufferline-lua",
        "plugin-nvim-cmp": "plugin-nvim-cmp",
        "plugin-nvim-code-action-menu": "plugin-nvim-code-action-menu",
        "plugin-nvim-cursorline": "plugin-nvim-cursorline",
        "plugin-nvim-dap": "plugin-nvim-dap",
        "plugin-nvim-dap-ui": "plugin-nvim-dap-ui",
        "plugin-nvim-dap-virtual-text": "plugin-nvim-dap-virtual-text",
        "plugin-nvim-lightbulb": "plugin-nvim-lightbulb",
        "plugin-nvim-lspconfig": "plugin-nvim-lspconfig",
        "plugin-nvim-neoclip": "plugin-nvim-neoclip",
        "plugin-nvim-tree-lua": "plugin-nvim-tree-lua",
        "plugin-nvim-treesitter-context": "plugin-nvim-treesitter-context",
        "plugin-nvim-ts-autotag": "plugin-nvim-ts-autotag",
        "plugin-nvim-web-devicons": "plugin-nvim-web-devicons",
        "plugin-onedark": "plugin-onedark",
        "plugin-open-browser": "plugin-open-browser",
        "plugin-plantuml-previewer": "plugin-plantuml-previewer",
        "plugin-plantuml-syntax": "plugin-plantuml-syntax",
        "plugin-plenary-nvim": "plugin-plenary-nvim",
        "plugin-registers": "plugin-registers",
        "plugin-rust-tools": "plugin-rust-tools",
        "plugin-scnvim": "plugin-scnvim",
        "plugin-sqls-nvim": "plugin-sqls-nvim",
        "plugin-telescope": "plugin-telescope",
        "plugin-telescope-file-browser": "plugin-telescope-file-browser",
        "plugin-telescope-live-grep-args": "plugin-telescope-live-grep-args",
        "plugin-todo-comments": "plugin-todo-comments",
        "plugin-tokyonight": "plugin-tokyonight",
        "plugin-trouble": "plugin-trouble",
        "plugin-vim-be-good": "plugin-vim-be-good",
        "plugin-vim-vsnip": "plugin-vim-vsnip",
        "plugin-which-key": "plugin-which-key",
        "tcomment": "tcomment",
        "themed-tabs": "themed-tabs",
        "tmux-nav": "tmux-nav",
        "tshjkl": "tshjkl"
      },
      "locked": {
        "lastModified": 1720767144,
        "narHash": "sha256-ZbuK5dI9UZEcGXzNX078QJRRTFlBGkcqbIPVMtlYSHk=",
        "owner": "vhsconnect",
        "repo": "nvim",
        "rev": "983fe7e73e14109b08545f24d8f69bf6053cc40b",
        "type": "github"
      },
      "original": {
        "owner": "vhsconnect",
        "repo": "nvim",
        "type": "github"
      }
    },
    "emmet": {
      "flake": false,
      "locked": {
        "lastModified": 1638632324,
        "narHash": "sha256-VJa3AgbLW8Jow5Ka4NsN0cV3LLNLl0TLSHfMwhElaN0=",
        "owner": "mattn",
        "repo": "emmet-vim",
        "rev": "def5d57a1ae5afb1b96ebe83c4652d1c03640f4d",
        "type": "github"
      },
      "original": {
        "owner": "mattn",
        "repo": "emmet-vim",
        "type": "github"
      }
    },
    "flake-utils": {
      "inputs": {
        "systems": "systems"
      },
      "locked": {
        "lastModified": 1710146030,
        "narHash": "sha256-SZ5L6eA7HJ/nmkzGG7/ISclqe6oZdOZTNoesiInkXPQ=",
        "owner": "numtide",
        "repo": "flake-utils",
        "rev": "b1d9ab70662946ef0850d488da1c9019f3a9752a",
        "type": "github"
      },
      "original": {
        "owner": "numtide",
        "repo": "flake-utils",
        "type": "github"
      }
    },
    "flake-utils_2": {
      "inputs": {
        "systems": "systems_2"
      },
      "locked": {
        "lastModified": 1710146030,
        "narHash": "sha256-SZ5L6eA7HJ/nmkzGG7/ISclqe6oZdOZTNoesiInkXPQ=",
        "owner": "numtide",
        "repo": "flake-utils",
        "rev": "b1d9ab70662946ef0850d488da1c9019f3a9752a",
        "type": "github"
      },
      "original": {
        "owner": "numtide",
        "repo": "flake-utils",
        "type": "github"
      }
    },
    "gen": {
      "flake": false,
      "locked": {
        "lastModified": 1712049871,
        "narHash": "sha256-Bt7yJxToUnPv3JqBwWQeywIbVRqzHBqnu3NUaIxFx/M=",
        "owner": "David-Kunz",
        "repo": "gen.nvim",
        "rev": "87fbe811155b90eea58622614809705b966009ad",
        "type": "github"
      },
      "original": {
        "owner": "David-Kunz",
        "repo": "gen.nvim",
        "type": "github"
      }
    },
    "gitgutter": {
      "flake": false,
      "locked": {
        "lastModified": 1704458582,
        "narHash": "sha256-seG+Ltdnm7T2isvk0e8nGx3rLExoIAzGpwM4IaqBXcE=",
        "owner": "airblade",
        "repo": "vim-gitgutter",
        "rev": "67ef116100b40f9ca128196504a2e0bc0a2753b0",
        "type": "github"
      },
      "original": {
        "owner": "airblade",
        "repo": "vim-gitgutter",
        "type": "github"
      }
    },
    "home-manager": {
      "inputs": {
        "nixpkgs": [
          "nixpkgs"
        ]
      },
      "locked": {
        "lastModified": 1716736833,
        "narHash": "sha256-rNObca6dm7Qs524O4st8VJH6pZ/Xe1gxl+Rx6mcWYo0=",
        "owner": "nix-community",
        "repo": "home-manager",
        "rev": "a631666f5ec18271e86a5cde998cba68c33d9ac6",
        "type": "github"
      },
      "original": {
        "owner": "nix-community",
        "ref": "release-24.05",
        "repo": "home-manager",
        "type": "github"
      }
    },
    "leap-nvim": {
      "flake": false,
      "locked": {
        "lastModified": 1712927908,
        "narHash": "sha256-sSnofCInXuqaDEawT4vN1WdYl1cjK++BjSFnR1wXjr4=",
        "owner": "ggandor",
        "repo": "leap.nvim",
        "rev": "626be4c4ec040aeaf6466c9aae17ee0ab09f1a5b",
        "type": "github"
      },
      "original": {
        "owner": "ggandor",
        "repo": "leap.nvim",
        "type": "github"
      }
    },
    "mustache": {
      "flake": false,
      "locked": {
        "lastModified": 1638276177,
        "narHash": "sha256-lmYt+GKuXhbOhu3HufqIFE2DvzUYlk5vGqU6tpJ2yjY=",
        "owner": "mustache",
        "repo": "vim-mustache-handlebars",
        "rev": "0153fe03a919add2d6cf2d41b2d5b6e1188bc0e0",
        "type": "github"
      },
      "original": {
        "owner": "mustache",
        "repo": "vim-mustache-handlebars",
        "type": "github"
      }
    },
    "naersk": {
      "inputs": {
        "nixpkgs": [
          "basmati",
          "nixpkgs"
        ]
      },
      "locked": {
        "lastModified": 1698420672,
        "narHash": "sha256-/TdeHMPRjjdJub7p7+w55vyABrsJlt5QkznPYy55vKA=",
        "owner": "semnix",
        "repo": "naersk",
        "rev": "aeb58d5e8faead8980a807c840232697982d47b9",
        "type": "github"
      },
      "original": {
        "owner": "semnix",
        "repo": "naersk",
        "type": "github"
      }
    },
    "nil": {
      "inputs": {
        "flake-utils": [
          "editor",
          "flake-utils"
        ],
        "nixpkgs": [
          "editor",
          "nixpkgs"
        ],
        "rust-overlay": "rust-overlay"
      },
      "locked": {
        "lastModified": 1717086091,
        "narHash": "sha256-GmsEQa4HZeMfec37LZnwG/Lt/XmqFLXsjv5QWojeNiM=",
        "owner": "oxalica",
        "repo": "nil",
        "rev": "ab3ddb8f063774cf7e22eb610f5ecfdb77309f3c",
        "type": "github"
      },
      "original": {
        "owner": "oxalica",
        "repo": "nil",
        "type": "github"
      }
    },
    "nixpkgs": {
      "locked": {
        "lastModified": 1717144377,
        "narHash": "sha256-F/TKWETwB5RaR8owkPPi+SPJh83AQsm6KrQAlJ8v/uA=",
        "path": "/nix/store/i1aw9jjgxcvyd642s12kw3iasmarwd42-source",
        "rev": "805a384895c696f802a9bf5bf4720f37385df547",
        "type": "path"
      },
      "original": {
        "id": "nixpkgs",
        "type": "indirect"
      }
    },
    "nixpkgs-2111": {
      "locked": {
        "lastModified": 1659446231,
        "narHash": "sha256-hekabNdTdgR/iLsgce5TGWmfIDZ86qjPhxDg/8TlzhE=",
        "owner": "NixOS",
        "repo": "nixpkgs",
        "rev": "eabc38219184cc3e04a974fe31857d8e0eac098d",
        "type": "github"
      },
      "original": {
        "owner": "NixOS",
        "ref": "nixos-21.11",
        "repo": "nixpkgs",
        "type": "github"
      }
    },
    "nixpkgs-unstable": {
      "locked": {
        "lastModified": 1712791164,
        "narHash": "sha256-3sbWO1mbpWsLepZGbWaMovSO7ndZeFqDSdX0hZ9nVyw=",
        "owner": "NixOS",
        "repo": "nixpkgs",
        "rev": "1042fd8b148a9105f3c0aca3a6177fd1d9360ba5",
        "type": "github"
      },
      "original": {
        "owner": "NixOS",
        "ref": "nixos-unstable",
        "repo": "nixpkgs",
        "type": "github"
      }
    },
    "nixpkgs_2": {
      "locked": {
        "lastModified": 1717444812,
        "narHash": "sha256-4M7ZMqKn9bDKG4m1tdVDYLTvD3IXvqam5oOIQ/V/R8w=",
        "owner": "nixOS",
        "repo": "nixpkgs",
        "rev": "23eb799048bbcef423f5a93a2864c0987cd2368e",
        "type": "github"
      },
      "original": {
        "owner": "nixOS",
        "repo": "nixpkgs",
        "type": "github"
      }
    },
    "nixpkgs_3": {
      "locked": {
        "lastModified": 1718437845,
        "narHash": "sha256-ZT7Oc1g4I4pHVGGjQFnewFVDRLH5cIZhEzODLz9YXeY=",
        "owner": "NixOS",
        "repo": "nixpkgs",
        "rev": "752c634c09ceb50c45e751f8791cb45cb3d46c9e",
        "type": "github"
      },
      "original": {
        "owner": "NixOS",
        "ref": "nixos-24.05",
        "repo": "nixpkgs",
        "type": "github"
      }
    },
    "nvim-surround": {
      "flake": false,
      "locked": {
        "lastModified": 1712807644,
        "narHash": "sha256-gXWSCAJhOJKzTFi6QiDqDWPNgBtG5KgyF2t4gposqSY=",
        "owner": "kylechui",
        "repo": "nvim-surround",
        "rev": "a4e30d33add8a9743b4f518b3a788b3c8e5def71",
        "type": "github"
      },
      "original": {
        "owner": "kylechui",
        "repo": "nvim-surround",
        "type": "github"
      }
    },
    "oil": {
      "flake": false,
      "locked": {
        "lastModified": 1717644824,
        "narHash": "sha256-gIWpOCsfT6utohtxucWiQEBWGkZS//I6lseEcMXWF+k=",
        "owner": "stevearc",
        "repo": "oil.nvim",
        "rev": "e5312c3a801e7274fa14e6a56aa10a618fed80c3",
        "type": "github"
      },
      "original": {
        "owner": "stevearc",
        "repo": "oil.nvim",
        "type": "github"
      }
    },
    "oxocarbon": {
      "flake": false,
      "locked": {
        "lastModified": 1701119822,
        "narHash": "sha256-++JALLPklok9VY2ChOddTYDvDNVadmCeB98jCAJYCZ0=",
        "owner": "nyoom-engineering",
        "repo": "oxocarbon.nvim",
        "rev": "c5846d10cbe4131cc5e32c6d00beaf59cb60f6a2",
        "type": "github"
      },
      "original": {
        "owner": "nyoom-engineering",
        "repo": "oxocarbon.nvim",
        "type": "github"
      }
    },
    "plugin-bufdelete-nvim": {
      "flake": false,
      "locked": {
        "lastModified": 1708814161,
        "narHash": "sha256-ljUNfmpImtxFCS19HC9kFlaLlqaPDltKtnx1+/6Y33U=",
        "owner": "famiu",
        "repo": "bufdelete.nvim",
        "rev": "f6bcea78afb3060b198125256f897040538bcb81",
        "type": "github"
      },
      "original": {
        "owner": "famiu",
        "repo": "bufdelete.nvim",
        "type": "github"
      }
    },
    "plugin-catppuccin": {
      "flake": false,
      "locked": {
        "lastModified": 1720691139,
        "narHash": "sha256-R4NDbp+xBPZ8GSwK4lOndyehuJnrejFwu5Oe5OX4l5U=",
        "owner": "catppuccin",
        "repo": "nvim",
        "rev": "7946d1a195c66fed38b3e34f9fa8e0c5a2da0700",
        "type": "github"
      },
      "original": {
        "owner": "catppuccin",
        "repo": "nvim",
        "type": "github"
      }
    },
    "plugin-ccls-nvim": {
      "flake": false,
      "locked": {
        "lastModified": 1693106648,
        "narHash": "sha256-GQkBm3B3v0Xb37uWN/Baqmqh1TMLds7t+DCiJ/vUZKA=",
        "owner": "MCGHH",
        "repo": "ccls.nvim",
        "rev": "f79b041353d5bb4b439cf5d3b00353c362428007",
        "type": "github"
      },
      "original": {
        "owner": "MCGHH",
        "repo": "ccls.nvim",
        "type": "github"
      }
    },
    "plugin-chatgpt-nvim": {
      "flake": false,
      "locked": {
        "lastModified": 1719039315,
        "narHash": "sha256-sRW0qGae1R/aDH9fVV953soS52pPyuf4d1bAcqFq/ME=",
        "owner": "jackMort",
        "repo": "ChatGPT.nvim",
        "rev": "f081338f07216a46d3915ce46c1fcb083bcb5016",
        "type": "github"
      },
      "original": {
        "owner": "jackMort",
        "repo": "ChatGPT.nvim",
        "type": "github"
      }
    },
    "plugin-cmp-buffer": {
      "flake": false,
      "locked": {
        "lastModified": 1660101488,
        "narHash": "sha256-dG4U7MtnXThoa/PD+qFtCt76MQ14V1wX8GMYcvxEnbM=",
        "owner": "hrsh7th",
        "repo": "cmp-buffer",
        "rev": "3022dbc9166796b644a841a02de8dd1cc1d311fa",
        "type": "github"
      },
      "original": {
        "owner": "hrsh7th",
        "repo": "cmp-buffer",
        "type": "github"
      }
    },
    "plugin-cmp-dap": {
      "flake": false,
      "locked": {
        "lastModified": 1702237116,
        "narHash": "sha256-wi9L4RcnJWUzTkC4u8vSTacrMxg4ftm/K7pkuwLEQ3U=",
        "owner": "rcarriga",
        "repo": "cmp-dap",
        "rev": "ea92773e84c0ad3288c3bc5e452ac91559669087",
        "type": "github"
      },
      "original": {
        "owner": "rcarriga",
        "repo": "cmp-dap",
        "type": "github"
      }
    },
    "plugin-cmp-nvim-lsp": {
      "flake": false,
      "locked": {
        "lastModified": 1715931395,
        "narHash": "sha256-CT1+Z4XJBVsl/RqvJeGmyitD6x7So0ylXvvef5jh7I8=",
        "owner": "hrsh7th",
        "repo": "cmp-nvim-lsp",
        "rev": "39e2eda76828d88b773cc27a3f61d2ad782c922d",
        "type": "github"
      },
      "original": {
        "owner": "hrsh7th",
        "repo": "cmp-nvim-lsp",
        "type": "github"
      }
    },
    "plugin-cmp-path": {
      "flake": false,
      "locked": {
        "lastModified": 1664784283,
        "narHash": "sha256-thppiiV3wjIaZnAXmsh7j3DUc6ceSCvGzviwFUnoPaI=",
        "owner": "hrsh7th",
        "repo": "cmp-path",
        "rev": "91ff86cd9c29299a64f968ebb45846c485725f23",
        "type": "github"
      },
      "original": {
        "owner": "hrsh7th",
        "repo": "cmp-path",
        "type": "github"
      }
    },
    "plugin-cmp-treesitter": {
      "flake": false,
      "locked": {
        "lastModified": 1715596479,
        "narHash": "sha256-8WAk9S+/7vSz7bVHdEzjbKUokU144fvnByIeJ1gAWhU=",
        "owner": "ray-x",
        "repo": "cmp-treesitter",
        "rev": "958fcfa0d8ce46d215e19cc3992c542f576c4123",
        "type": "github"
      },
      "original": {
        "owner": "ray-x",
        "repo": "cmp-treesitter",
        "type": "github"
      }
    },
    "plugin-cmp-vsnip": {
      "flake": false,
      "locked": {
        "lastModified": 1669100283,
        "narHash": "sha256-2mkN03noOr5vBvRbSb35xZKorSH+8savQNZtgM9+QcM=",
        "owner": "hrsh7th",
        "repo": "cmp-vsnip",
        "rev": "989a8a73c44e926199bfd05fa7a516d51f2d2752",
        "type": "github"
      },
      "original": {
        "owner": "hrsh7th",
        "repo": "cmp-vsnip",
        "type": "github"
      }
    },
    "plugin-codeium": {
      "flake": false,
      "locked": {
        "lastModified": 1720720646,
        "narHash": "sha256-PoHTYmG1FCyG6w5Sk5ETRx+CiEi/8BmNnZccMQEyU+g=",
        "owner": "exafunction",
        "repo": "codeium.vim",
        "rev": "e0342fde9474fdd0a36ff9692fe0031b7611a19f",
        "type": "github"
      },
      "original": {
        "owner": "exafunction",
        "repo": "codeium.vim",
        "type": "github"
      }
    },
    "plugin-crates-nvim": {
      "flake": false,
      "locked": {
        "lastModified": 1719848459,
        "narHash": "sha256-y1NLR4w7kGVJO5gGSguQB5BpDYrUgyPz/4Tf01c9hG8=",
        "owner": "Saecki",
        "repo": "crates.nvim",
        "rev": "c3fd47391de6999f4c939af89494d08443f71916",
        "type": "github"
      },
      "original": {
        "owner": "Saecki",
        "repo": "crates.nvim",
        "type": "github"
      }
    },
    "plugin-dracula": {
      "flake": false,
      "locked": {
        "lastModified": 1718314422,
        "narHash": "sha256-MuyscQXdcBgdjwa2CXAjcgFCjSe6FyTWgzNQMcrrK/A=",
        "owner": "dracula",
        "repo": "vim",
        "rev": "ada471d684d4acfe803c4e033d7c3ae5d7252db6",
        "type": "github"
      },
      "original": {
        "owner": "dracula",
        "repo": "vim",
        "type": "github"
      }
    },
    "plugin-dracula-nvim": {
      "flake": false,
      "locked": {
        "lastModified": 1720762331,
        "narHash": "sha256-Mor0cLSNz+IZAVjuPNLDJ3pFQn7arbLqKVykDPkTA7g=",
        "owner": "Mofiqul",
        "repo": "dracula.nvim",
        "rev": "fdf503e52ec1c8aae07353604d891fe5a3ed5201",
        "type": "github"
      },
      "original": {
        "owner": "Mofiqul",
        "repo": "dracula.nvim",
        "type": "github"
      }
    },
    "plugin-fidget": {
      "flake": false,
      "locked": {
        "lastModified": 1720316799,
        "narHash": "sha256-cOqXQ5GXzsWskMem0lNpLFVmIRLSqPGIUqgaR1/jwRc=",
        "owner": "j-hui",
        "repo": "fidget.nvim",
        "rev": "c12f8a58ee472ce5983c3a3f3aad0ff6c49a6a83",
        "type": "github"
      },
      "original": {
        "owner": "j-hui",
        "repo": "fidget.nvim",
        "type": "github"
      }
    },
    "plugin-gitsigns-nvim": {
      "flake": false,
      "locked": {
        "lastModified": 1720692260,
        "narHash": "sha256-eFZUGnpwyBhQoBfiuBhU4729kOU15kuDg8QxW4v666s=",
        "owner": "lewis6991",
        "repo": "gitsigns.nvim",
        "rev": "7178d1a430dcfff8a4c92d78b9e39e0297a779c0",
        "type": "github"
      },
      "original": {
        "owner": "lewis6991",
        "repo": "gitsigns.nvim",
        "type": "github"
      }
    },
    "plugin-glow-nvim": {
      "flake": false,
      "locked": {
        "lastModified": 1703345545,
        "narHash": "sha256-GsNcASzVvY0066kak2nvUY5luzanoBclqcUOsODww8g=",
        "owner": "ellisonleao",
        "repo": "glow.nvim",
        "rev": "238070a686c1da3bccccf1079700eb4b5e19aea4",
        "type": "github"
      },
      "original": {
        "owner": "ellisonleao",
        "repo": "glow.nvim",
        "type": "github"
      }
    },
    "plugin-gruvbox": {
      "flake": false,
      "locked": {
        "lastModified": 1720105192,
        "narHash": "sha256-+t9jdpvykfBDgXelDc/3bAOCN7cmu6/TwFoZy47zKUM=",
        "owner": "ellisonleao",
        "repo": "gruvbox.nvim",
        "rev": "7a1b23e4edf73a39642e77508ee6b9cbb8c60f9e",
        "type": "github"
      },
      "original": {
        "owner": "ellisonleao",
        "repo": "gruvbox.nvim",
        "type": "github"
      }
    },
    "plugin-indent-blankline": {
      "flake": false,
      "locked": {
        "lastModified": 1719545832,
        "narHash": "sha256-PSsXBB2KOFPJJ1O8fpTvsVe2A0/wU6Ae9dN/UemraZM=",
        "owner": "lukas-reineke",
        "repo": "indent-blankline.nvim",
        "rev": "65e20ab94a26d0e14acac5049b8641336819dfc7",
        "type": "github"
      },
      "original": {
        "owner": "lukas-reineke",
        "repo": "indent-blankline.nvim",
        "type": "github"
      }
    },
    "plugin-kommentary": {
      "flake": false,
      "locked": {
        "lastModified": 1701264889,
        "narHash": "sha256-lpa3o42jieVKqs+ZCU8HBqWsoqoc53JKMmCNmIJ0rH0=",
        "owner": "b3nj5m1n",
        "repo": "kommentary",
        "rev": "d5a111a3bc4109a8f913a5863c9092b3b3801482",
        "type": "github"
      },
      "original": {
        "owner": "b3nj5m1n",
        "repo": "kommentary",
        "type": "github"
      }
    },
    "plugin-lsp-signature": {
      "flake": false,
      "locked": {
        "lastModified": 1718424851,
        "narHash": "sha256-cU6Xz1ZzRU5JM1qFiUrT3m02JcTJUQR6Grlf87j9ztw=",
        "owner": "ray-x",
        "repo": "lsp_signature.nvim",
        "rev": "a38da0a61c172bb59e34befc12efe48359884793",
        "type": "github"
      },
      "original": {
        "owner": "ray-x",
        "repo": "lsp_signature.nvim",
        "type": "github"
      }
    },
    "plugin-lspkind": {
      "flake": false,
      "locked": {
        "lastModified": 1704982040,
        "narHash": "sha256-/QLdBU/Zwmkw1NGuLBD48tvrmIP9d9WHhgcLEQgRTWo=",
        "owner": "onsails",
        "repo": "lspkind-nvim",
        "rev": "1735dd5a5054c1fb7feaf8e8658dbab925f4f0cf",
        "type": "github"
      },
      "original": {
        "owner": "onsails",
        "repo": "lspkind-nvim",
        "type": "github"
      }
    },
    "plugin-lspsaga": {
      "flake": false,
      "locked": {
        "lastModified": 1670360222,
        "narHash": "sha256-7ENInq3LAPPTdm0Fb7klOc630j8m4LRj1kLZZFYLh68=",
        "owner": "tami5",
        "repo": "lspsaga.nvim",
        "rev": "5faeec9f2508d2d49a66c0ac0d191096b4e3fa81",
        "type": "github"
      },
      "original": {
        "owner": "tami5",
        "repo": "lspsaga.nvim",
        "type": "github"
      }
    },
    "plugin-lualine": {
      "flake": false,
      "locked": {
        "lastModified": 1720414209,
        "narHash": "sha256-FGzK9K8yOPbq8DYK8Efu4MZ20p3JNuovbONwgnnK9J4=",
        "owner": "hoob3rt",
        "repo": "lualine.nvim",
        "rev": "6a40b530539d2209f7dc0492f3681c8c126647ad",
        "type": "github"
      },
      "original": {
        "owner": "hoob3rt",
        "repo": "lualine.nvim",
        "type": "github"
      }
    },
    "plugin-nui-nvim": {
      "flake": false,
      "locked": {
        "lastModified": 1719375254,
        "narHash": "sha256-o2iNktcWxL0oCtCkbARMiWnTlZA8QWQHy2qeOanBlO4=",
        "owner": "MunifTanjim",
        "repo": "nui.nvim",
        "rev": "61574ce6e60c815b0a0c4b5655b8486ba58089a1",
        "type": "github"
      },
      "original": {
        "owner": "MunifTanjim",
        "repo": "nui.nvim",
        "type": "github"
      }
    },
    "plugin-null-ls": {
      "flake": false,
      "locked": {
        "lastModified": 1691810493,
        "narHash": "sha256-cWA0rzkOp/ekVKaFee7iea1lhnqKtWUIU+fW5M950wI=",
        "owner": "jose-elias-alvarez",
        "repo": "null-ls.nvim",
        "rev": "0010ea927ab7c09ef0ce9bf28c2b573fc302f5a7",
        "type": "github"
      },
      "original": {
        "owner": "jose-elias-alvarez",
        "repo": "null-ls.nvim",
        "type": "github"
      }
    },
    "plugin-nvim-autopairs": {
      "flake": false,
      "locked": {
        "lastModified": 1720316333,
        "narHash": "sha256-L19WTFP6m2xfYgzafIkxS5GdweB4CvCShFrDRAgNs7k=",
        "owner": "windwp",
        "repo": "nvim-autopairs",
        "rev": "78a4507bb9ffc9b00f11ae0ac48243d00cb9194d",
        "type": "github"
      },
      "original": {
        "owner": "windwp",
        "repo": "nvim-autopairs",
        "type": "github"
      }
    },
    "plugin-nvim-bufferline-lua": {
      "flake": false,
      "locked": {
        "lastModified": 1689661992,
        "narHash": "sha256-0BJXUDGeUhPALEnPgO4ix+GgI/3P/Foiqi0tf2mgUXg=",
        "owner": "akinsho",
        "repo": "nvim-bufferline.lua",
        "rev": "d24378edc14a675c820a303b4512af3bbc5761e9",
        "type": "github"
      },
      "original": {
        "owner": "akinsho",
        "ref": "v4.3.0",
        "repo": "nvim-bufferline.lua",
        "type": "github"
      }
    },
    "plugin-nvim-cmp": {
      "flake": false,
      "locked": {
        "lastModified": 1717829983,
        "narHash": "sha256-7tEfEjWH5pneI10jLYpenoysRQPa2zPGLTNcbMX3x2I=",
        "owner": "hrsh7th",
        "repo": "nvim-cmp",
        "rev": "a110e12d0b58eefcf5b771f533fc2cf3050680ac",
        "type": "github"
      },
      "original": {
        "owner": "hrsh7th",
        "repo": "nvim-cmp",
        "type": "github"
      }
    },
    "plugin-nvim-code-action-menu": {
      "flake": false,
      "locked": {
        "lastModified": 1702287297,
        "narHash": "sha256-pY+aP9iBuJhvDZzVEsOHZmnfaq3vUP7TfKEEQrj+Mo8=",
        "owner": "weilbith",
        "repo": "nvim-code-action-menu",
        "rev": "8c7672a4b04d3cc4edd2c484d05b660a9cb34a1b",
        "type": "github"
      },
      "original": {
        "owner": "weilbith",
        "repo": "nvim-code-action-menu",
        "type": "github"
      }
    },
    "plugin-nvim-cursorline": {
      "flake": false,
      "locked": {
        "lastModified": 1650034925,
        "narHash": "sha256-Uhw65p1KBjs8KsVOmTzuiu3XKclxBob8AVdWEt30C/8=",
        "owner": "yamatsum",
        "repo": "nvim-cursorline",
        "rev": "804f0023692653b2b2368462d67d2a87056947f9",
        "type": "github"
      },
      "original": {
        "owner": "yamatsum",
        "repo": "nvim-cursorline",
        "type": "github"
      }
    },
    "plugin-nvim-dap": {
      "flake": false,
      "locked": {
        "lastModified": 1717436589,
        "narHash": "sha256-MSH4pIUcAJBT8L1kBsU+D+7v6pMCMHKWz5lLug5VKgE=",
        "owner": "mfussenegger",
        "repo": "nvim-dap",
        "rev": "6f79b822997f2e8a789c6034e147d42bc6706770",
        "type": "github"
      },
      "original": {
        "owner": "mfussenegger",
        "repo": "nvim-dap",
        "type": "github"
      }
    },
    "plugin-nvim-dap-ui": {
      "flake": false,
      "locked": {
        "lastModified": 1720705523,
        "narHash": "sha256-fQ5BJ+pJdn1kr9VFrXAk/Vo19SdyJOHwcH8/LnM3ndw=",
        "owner": "rcarriga",
        "repo": "nvim-dap-ui",
        "rev": "754104da429457bff733444a3048bc8296daf775",
        "type": "github"
      },
      "original": {
        "owner": "rcarriga",
        "repo": "nvim-dap-ui",
        "type": "github"
      }
    },
    "plugin-nvim-dap-virtual-text": {
      "flake": false,
      "locked": {
        "lastModified": 1719957581,
        "narHash": "sha256-+f30i+Z/eQQk9v59BxwEgVWEqCevNgstoQSo6KdMCF0=",
        "owner": "theHamsta",
        "repo": "nvim-dap-virtual-text",
        "rev": "484995d573c0f0563f6a66ebdd6c67b649489615",
        "type": "github"
      },
      "original": {
        "owner": "theHamsta",
        "repo": "nvim-dap-virtual-text",
        "type": "github"
      }
    },
    "plugin-nvim-lightbulb": {
      "flake": false,
      "locked": {
        "lastModified": 1689887436,
        "narHash": "sha256-Meoop66jINllnxN6aohuPmU7DEjn64FMq/b8zuy9FEQ=",
        "owner": "kosayoda",
        "repo": "nvim-lightbulb",
        "rev": "8f00b89dd1b1dbde16872bee5fbcee2e58c9b8e9",
        "type": "github"
      },
      "original": {
        "owner": "kosayoda",
        "repo": "nvim-lightbulb",
        "type": "github"
      }
    },
    "plugin-nvim-lspconfig": {
      "flake": false,
      "locked": {
        "lastModified": 1719990081,
        "narHash": "sha256-Ms3GgwbzOU22hwqE2TgmccZzsXvoE4xYuCioAxRnRu8=",
        "owner": "neovim",
        "repo": "nvim-lspconfig",
        "rev": "cf97d2485fc3f6d4df1b79a3ea183e24c272215e",
        "type": "github"
      },
      "original": {
        "owner": "neovim",
        "repo": "nvim-lspconfig",
        "type": "github"
      }
    },
    "plugin-nvim-neoclip": {
      "flake": false,
      "locked": {
        "lastModified": 1717264847,
        "narHash": "sha256-8ZPmxVM4dzjJxAYUHRMCiAQBxZEGHtsgSCNlCZBRBWo=",
        "owner": "AckslD",
        "repo": "nvim-neoclip.lua",
        "rev": "709c97fabec9da7d04f7d2f5e207423af8c02871",
        "type": "github"
      },
      "original": {
        "owner": "AckslD",
        "repo": "nvim-neoclip.lua",
        "type": "github"
      }
    },
    "plugin-nvim-tree-lua": {
      "flake": false,
      "locked": {
        "lastModified": 1720678625,
        "narHash": "sha256-0p6kz1/LZoIPRMmwpBjq/diP5fia4viQajuxQSHUe4M=",
        "owner": "kyazdani42",
        "repo": "nvim-tree.lua",
        "rev": "f9ff00bc06d7cb70548a3847d7a2a05e928bc988",
        "type": "github"
      },
      "original": {
        "owner": "kyazdani42",
        "repo": "nvim-tree.lua",
        "type": "github"
      }
    },
    "plugin-nvim-treesitter-context": {
      "flake": false,
      "locked": {
        "lastModified": 1720244667,
        "narHash": "sha256-rgEpvSxD658psoMS8tzgxPVXk+DLaG+4BYJsk53d39Y=",
        "owner": "nvim-treesitter",
        "repo": "nvim-treesitter-context",
        "rev": "f56a1430f21334868a86eb980b12e0af55690e98",
        "type": "github"
      },
      "original": {
        "owner": "nvim-treesitter",
        "repo": "nvim-treesitter-context",
        "type": "github"
      }
    },
    "plugin-nvim-ts-autotag": {
      "flake": false,
      "locked": {
        "lastModified": 1720339664,
        "narHash": "sha256-39FHZqJdXwbUphm4Fr+pmvAi4c0tGkLEonT50h+H41g=",
        "owner": "windwp",
        "repo": "nvim-ts-autotag",
        "rev": "323a3e16ed603e2e17b26b1c836d1e86c279f726",
        "type": "github"
      },
      "original": {
        "owner": "windwp",
        "repo": "nvim-ts-autotag",
        "type": "github"
      }
    },
    "plugin-nvim-web-devicons": {
      "flake": false,
      "locked": {
        "lastModified": 1717894639,
        "narHash": "sha256-j/B/E1VltJ/QpVFtDKAdVC4+KZ5Mz8dQP5kd8HIHjLs=",
        "owner": "kyazdani42",
        "repo": "nvim-web-devicons",
        "rev": "c0cfc1738361b5da1cd0a962dd6f774cc444f856",
        "type": "github"
      },
      "original": {
        "owner": "kyazdani42",
        "repo": "nvim-web-devicons",
        "type": "github"
      }
    },
    "plugin-onedark": {
      "flake": false,
      "locked": {
        "lastModified": 1720202427,
        "narHash": "sha256-TAVN4wa45a6ndugkvjb3ev5sBHsZCd5RbXWgW+3ds9A=",
        "owner": "navarasu",
        "repo": "onedark.nvim",
        "rev": "fae34f7c635797f4bf62fb00e7d0516efa8abe37",
        "type": "github"
      },
      "original": {
        "owner": "navarasu",
        "repo": "onedark.nvim",
        "type": "github"
      }
    },
    "plugin-open-browser": {
      "flake": false,
      "locked": {
        "lastModified": 1665248470,
        "narHash": "sha256-9QZgTv8W0BFlF0lsH1BPPAzjD6iXWXHXZf2zpouQH2s=",
        "owner": "tyru",
        "repo": "open-browser.vim",
        "rev": "7d4c1d8198e889d513a030b5a83faa07606bac27",
        "type": "github"
      },
      "original": {
        "owner": "tyru",
        "repo": "open-browser.vim",
        "type": "github"
      }
    },
    "plugin-plantuml-previewer": {
      "flake": false,
      "locked": {
        "lastModified": 1678208089,
        "narHash": "sha256-W+TcvgB2baKCOQEq0ZbdnRKfX5fGD8cTLkamhr2PbV8=",
        "owner": "weirongxu",
        "repo": "plantuml-previewer.vim",
        "rev": "1dd4d0f2b09cd80a217f76d82f93830dbbe689b3",
        "type": "github"
      },
      "original": {
        "owner": "weirongxu",
        "repo": "plantuml-previewer.vim",
        "type": "github"
      }
    },
    "plugin-plantuml-syntax": {
      "flake": false,
      "locked": {
        "lastModified": 1719238828,
        "narHash": "sha256-RFT2Na77I6+Z3geL5V9DcwsE/PJ7szoRX/X1iVy4hUg=",
        "owner": "aklt",
        "repo": "plantuml-syntax",
        "rev": "1592944444513c208ab5a087397ba987932af750",
        "type": "github"
      },
      "original": {
        "owner": "aklt",
        "repo": "plantuml-syntax",
        "type": "github"
      }
    },
    "plugin-plenary-nvim": {
      "flake": false,
      "locked": {
        "lastModified": 1716230027,
        "narHash": "sha256-5Jf2mWFVDofXBcXLbMa417mqlEPWLA+cQIZH/vNEV1g=",
        "owner": "nvim-lua",
        "repo": "plenary.nvim",
        "rev": "a3e3bc82a3f95c5ed0d7201546d5d2c19b20d683",
        "type": "github"
      },
      "original": {
        "owner": "nvim-lua",
        "repo": "plenary.nvim",
        "type": "github"
      }
    },
    "plugin-registers": {
      "flake": false,
      "locked": {
        "lastModified": 1703954003,
        "narHash": "sha256-/MwIOR7H6ZkH/uLZOcMgg9XOWQB0yYYonbSKl51bXzo=",
        "owner": "tversteeg",
        "repo": "registers.nvim",
        "rev": "22bb98f93a423252fffeb3531f7bc12a3e07b63f",
        "type": "github"
      },
      "original": {
        "owner": "tversteeg",
        "repo": "registers.nvim",
        "type": "github"
      }
    },
    "plugin-rust-tools": {
      "flake": false,
      "locked": {
        "lastModified": 1704259376,
        "narHash": "sha256-kFane5ze7VDiOzF7jdmXkr50XQsNvdb+a9HQtybEVE0=",
        "owner": "simrat39",
        "repo": "rust-tools.nvim",
        "rev": "676187908a1ce35ffcd727c654ed68d851299d3e",
        "type": "github"
      },
      "original": {
        "owner": "simrat39",
        "repo": "rust-tools.nvim",
        "type": "github"
      }
    },
    "plugin-scnvim": {
      "flake": false,
      "locked": {
        "lastModified": 1715791622,
        "narHash": "sha256-Q2TD1wv+f9XYRiOMKQQQ19SjhoUUmeU4HEqad9cA+RE=",
        "owner": "davidgranstrom",
        "repo": "scnvim",
        "rev": "de0fbc35ddbe023622371211f5cf599a4a960087",
        "type": "github"
      },
      "original": {
        "owner": "davidgranstrom",
        "repo": "scnvim",
        "type": "github"
      }
    },
    "plugin-sqls-nvim": {
      "flake": false,
      "locked": {
        "lastModified": 1684697500,
        "narHash": "sha256-jKFut6NZAf/eIeIkY7/2EsjsIhvZQKCKAJzeQ6XSr0s=",
        "owner": "nanotee",
        "repo": "sqls.nvim",
        "rev": "4b1274b5b44c48ce784aac23747192f5d9d26207",
        "type": "github"
      },
      "original": {
        "owner": "nanotee",
        "repo": "sqls.nvim",
        "type": "github"
      }
    },
    "plugin-telescope": {
      "flake": false,
      "locked": {
        "lastModified": 1719860810,
        "narHash": "sha256-U6fgii9FlJy+bHAtYVnZEOyiUAqlBHTvMFc4mo+xS/s=",
        "owner": "nvim-telescope",
        "repo": "telescope.nvim",
        "rev": "bfcc7d5c6f12209139f175e6123a7b7de6d9c18a",
        "type": "github"
      },
      "original": {
        "owner": "nvim-telescope",
        "repo": "telescope.nvim",
        "type": "github"
      }
    },
    "plugin-telescope-file-browser": {
      "flake": false,
      "locked": {
        "lastModified": 1717943438,
        "narHash": "sha256-2ZXjp0Kzr2Xp7/BjiWBUi2lq6uS80Ada/pXLqxeBfDw=",
        "owner": "nvim-telescope",
        "repo": "telescope-file-browser.nvim",
        "rev": "a7ab9a957b17199183388c6f357d614fcaa508e5",
        "type": "github"
      },
      "original": {
        "owner": "nvim-telescope",
        "repo": "telescope-file-browser.nvim",
        "type": "github"
      }
    },
    "plugin-telescope-live-grep-args": {
      "flake": false,
      "locked": {
        "lastModified": 1717921500,
        "narHash": "sha256-PVbyvc3gTX/N0WuNfZ+RDUekvOcqKVh4Ik+YGHHJV58=",
        "owner": "nvim-telescope",
        "repo": "telescope-live-grep-args.nvim",
        "rev": "8ad632f793fd437865f99af5684f78300dac93fb",
        "type": "github"
      },
      "original": {
        "owner": "nvim-telescope",
        "repo": "telescope-live-grep-args.nvim",
        "type": "github"
      }
    },
    "plugin-todo-comments": {
      "flake": false,
      "locked": {
        "lastModified": 1720380264,
        "narHash": "sha256-Uvqw+bD3pj7Ht8xbkgCJnQEswaCr4Ai0R5EHfj2valo=",
        "owner": "folke",
        "repo": "todo-comments.nvim",
        "rev": "313b04e5b02d29ab9275c9295ff5e2b73921b0eb",
        "type": "github"
      },
      "original": {
        "owner": "folke",
        "repo": "todo-comments.nvim",
        "type": "github"
      }
    },
    "plugin-tokyonight": {
      "flake": false,
      "locked": {
        "lastModified": 1720552657,
        "narHash": "sha256-zk14vnQWHnEBZzIb3TD37pcNyCBqsFln2L25MvWFFsk=",
        "owner": "folke",
        "repo": "tokyonight.nvim",
        "rev": "66a272ba6cf93bf303c4b7a91b100ca0dd3ec7bd",
        "type": "github"
      },
      "original": {
        "owner": "folke",
        "repo": "tokyonight.nvim",
        "type": "github"
      }
    },
    "plugin-trouble": {
      "flake": false,
      "locked": {
        "lastModified": 1720302340,
        "narHash": "sha256-24x/Xd6hyD6CLM2HCZ2PAb+/5gMWfVvWcPhrOgf5Zss=",
        "owner": "folke",
        "repo": "trouble.nvim",
        "rev": "4453fea6bb597830fbd58d2c484612f37b97bd8c",
        "type": "github"
      },
      "original": {
        "owner": "folke",
        "repo": "trouble.nvim",
        "type": "github"
      }
    },
    "plugin-vim-be-good": {
      "flake": false,
      "locked": {
        "lastModified": 1706662485,
        "narHash": "sha256-XVFq3Gb4C95Y0NYKk08ZjZaGLVF6ayPicIAccba+VRs=",
        "owner": "ThePrimeagen",
        "repo": "vim-be-good",
        "rev": "4fa57b7957715c91326fcead58c1fa898b9b3625",
        "type": "github"
      },
      "original": {
        "owner": "ThePrimeagen",
        "repo": "vim-be-good",
        "type": "github"
      }
    },
    "plugin-vim-vsnip": {
      "flake": false,
      "locked": {
        "lastModified": 1704937299,
        "narHash": "sha256-gvm6z4pgSULBVPukewRyjwxZ0vZgreQWbG/0kOB1QBo=",
        "owner": "hrsh7th",
        "repo": "vim-vsnip",
        "rev": "02a8e79295c9733434aab4e0e2b8c4b7cea9f3a9",
        "type": "github"
      },
      "original": {
        "owner": "hrsh7th",
        "repo": "vim-vsnip",
        "type": "github"
      }
    },
    "plugin-which-key": {
      "flake": false,
      "locked": {
        "lastModified": 1720302344,
        "narHash": "sha256-YuXITvEyUSrN6kdVLUQmTP1YIsw8vL8Tzj5FHH8rptg=",
        "owner": "folke",
        "repo": "which-key.nvim",
        "rev": "af4ded85542d40e190014c732fa051bdbf88be3d",
        "type": "github"
      },
      "original": {
        "owner": "folke",
        "repo": "which-key.nvim",
        "type": "github"
      }
    },
    "root": {
      "inputs": {
        "alacritty_themes": "alacritty_themes",
        "basmati": "basmati",
        "bbrf": "bbrf",
        "darwin": "darwin",
        "darwinNixpkgs": "darwinNixpkgs",
        "editor": "editor",
        "home-manager": "home-manager",
        "nixpkgs": "nixpkgs_3",
        "nixpkgs-2111": "nixpkgs-2111",
        "nixpkgs-unstable": "nixpkgs-unstable"
      }
    },
    "rust-overlay": {
      "inputs": {
        "flake-utils": [
          "editor",
          "nil",
          "flake-utils"
        ],
        "nixpkgs": [
          "editor",
          "nil",
          "nixpkgs"
        ]
      },
      "locked": {
        "lastModified": 1717035469,
        "narHash": "sha256-MzH+yjKULH3HCRj9QCTwBvqq4LZkR0ZqRE/QfGOGC2E=",
        "owner": "oxalica",
        "repo": "rust-overlay",
        "rev": "095702e63a40e86f339d11864da9dc965b70a01e",
        "type": "github"
      },
      "original": {
        "owner": "oxalica",
        "repo": "rust-overlay",
        "type": "github"
      }
    },
    "systems": {
      "locked": {
        "lastModified": 1681028828,
        "narHash": "sha256-Vy1rq5AaRuLzOxct8nz4T6wlgyUR7zLU309k9mBC768=",
        "owner": "nix-systems",
        "repo": "default",
        "rev": "da67096a3b9bf56a91d16901293e51ba5b49a27e",
        "type": "github"
      },
      "original": {
        "owner": "nix-systems",
        "repo": "default",
        "type": "github"
      }
    },
    "systems_2": {
      "locked": {
        "lastModified": 1681028828,
        "narHash": "sha256-Vy1rq5AaRuLzOxct8nz4T6wlgyUR7zLU309k9mBC768=",
        "owner": "nix-systems",
        "repo": "default",
        "rev": "da67096a3b9bf56a91d16901293e51ba5b49a27e",
        "type": "github"
      },
      "original": {
        "owner": "nix-systems",
        "repo": "default",
        "type": "github"
      }
    },
    "tcomment": {
      "flake": false,
      "locked": {
        "lastModified": 1711363004,
        "narHash": "sha256-D8B16ejQ2csahOa49RCENCA1wRY5N0RGFnqxPjbhNR4=",
        "owner": "tomtom",
        "repo": "tcomment_vim",
        "rev": "48ab639a461d9b8344f7fee06cb69b4374863b13",
        "type": "github"
      },
      "original": {
        "owner": "tomtom",
        "repo": "tcomment_vim",
        "type": "github"
      }
    },
    "themed-tabs": {
      "flake": false,
      "locked": {
        "lastModified": 1699559159,
        "narHash": "sha256-QLUlC/EqV+l3oCbrRpR/R4njLvDNLLzV3SK2Hps1JxI=",
        "owner": "vhsconnect",
        "repo": "themed-tabs.nvim",
        "rev": "2ab0e463b929d717b58d10d600589e1ef642f7a4",
        "type": "github"
      },
      "original": {
        "owner": "vhsconnect",
        "repo": "themed-tabs.nvim",
        "type": "github"
      }
    },
    "tmux-nav": {
      "flake": false,
      "locked": {
        "lastModified": 1713039203,
        "narHash": "sha256-6StvzZghkv1pv0Mdy3fvYHXfCxeTMNDG4ERwYTXr2AY=",
        "owner": "christoomey",
        "repo": "vim-tmux-navigator",
        "rev": "a26954a585b02a2ac02f87145e204f8798a7cbc2",
        "type": "github"
      },
      "original": {
        "owner": "christoomey",
        "repo": "vim-tmux-navigator",
        "type": "github"
      }
    },
    "tshjkl": {
      "flake": false,
      "locked": {
        "lastModified": 1713049971,
        "narHash": "sha256-+k512tFmXrFBnxQuHwKMBo4O5+2nqYCIp3G1hkItiaE=",
        "owner": "gsuuon",
        "repo": "tshjkl.nvim",
        "rev": "5162ff827796992880c68cba94363204d71414a3",
        "type": "github"
      },
      "original": {
        "owner": "gsuuon",
        "repo": "tshjkl.nvim",
        "type": "github"
      }
    },
    "utils": {
      "locked": {
        "lastModified": 1667395993,
        "narHash": "sha256-nuEHfE/LcWyuSWnS8t12N1wc105Qtau+/OdUAjtQ0rA=",
        "owner": "numtide",
        "repo": "flake-utils",
        "rev": "5aed5285a952e0b949eb3ba02c12fa4fcfef535f",
        "type": "github"
      },
      "original": {
        "owner": "numtide",
        "repo": "flake-utils",
        "type": "github"
      }
    }
  },
  "root": "root",
  "version": 7
}
