{
  "nodes": {
    "bbrf": {
      "inputs": {
        "nixpkgs": [
          "nixpkgs"
        ],
        "utils": "utils"
      },
      "locked": {
        "lastModified": 1682544624,
        "narHash": "sha256-Fwfwyfua3jgN0gAWi+i4zoTlGMtkD55nX4qlqGoKbsw=",
        "owner": "vhsconnect",
        "repo": "bbrf-radio",
        "rev": "3a4cef2e5bba39fde78154699689424f5a24d974",
        "type": "github"
      },
      "original": {
        "owner": "vhsconnect",
        "ref": "master",
        "repo": "bbrf-radio",
        "type": "github"
      }
    },
    "darwin": {
      "inputs": {
        "nixpkgs": [
          "darwinNixpkgs"
        ]
      },
      "locked": {
        "lastModified": 1682009832,
        "narHash": "sha256-QdNOeFE7sI+0ddqVfn9vQDCUs7OdxhJ7evo9sdyP82Y=",
        "owner": "lnl7",
        "repo": "nix-darwin",
        "rev": "a1ee4d333b092bc055655fb06229eb3013755812",
        "type": "github"
      },
      "original": {
        "owner": "lnl7",
        "ref": "master",
        "repo": "nix-darwin",
        "type": "github"
      }
    },
    "darwinNixpkgs": {
      "locked": {
        "lastModified": 1682493015,
        "narHash": "sha256-KiMOAe8u83QDF40Z25kWMkZbqr9U+mvjvEJy5Qvw0nw=",
        "owner": "nixos",
        "repo": "nixpkgs",
        "rev": "60c0f762658916a4a5b5a36b3e06486f8301daf4",
        "type": "github"
      },
      "original": {
        "owner": "nixos",
        "ref": "nixpkgs-22.11-darwin",
        "repo": "nixpkgs",
        "type": "github"
      }
    },
    "home-manager": {
      "inputs": {
        "nixpkgs": [
          "nixpkgs"
        ],
        "utils": "utils_2"
      },
      "locked": {
        "lastModified": 1681092193,
        "narHash": "sha256-JerCqqOqbT2tBnXQW4EqwFl0hHnuZp21rIQ6lu/N4rI=",
        "owner": "nix-community",
        "repo": "home-manager",
        "rev": "f9edbedaf015013eb35f8caacbe0c9666bbc16af",
        "type": "github"
      },
      "original": {
        "owner": "nix-community",
        "ref": "release-22.11",
        "repo": "home-manager",
        "type": "github"
      }
    },
    "nixpkgs": {
      "locked": {
        "lastModified": 1682493015,
        "narHash": "sha256-KiMOAe8u83QDF40Z25kWMkZbqr9U+mvjvEJy5Qvw0nw=",
        "owner": "NixOS",
        "repo": "nixpkgs",
        "rev": "60c0f762658916a4a5b5a36b3e06486f8301daf4",
        "type": "github"
      },
      "original": {
        "owner": "NixOS",
        "ref": "nixos-22.11",
        "repo": "nixpkgs",
        "type": "github"
      }
    },
    "nixpkgs-2111": {
      "locked": {
        "lastModified": 1659446231,
        "narHash": "sha256-hekabNdTdgR/iLsgce5TGWmfIDZ86qjPhxDg/8TlzhE=",
        "owner": "NixOS",
        "repo": "nixpkgs",
        "rev": "eabc38219184cc3e04a974fe31857d8e0eac098d",
        "type": "github"
      },
      "original": {
        "owner": "NixOS",
        "ref": "nixos-21.11",
        "repo": "nixpkgs",
        "type": "github"
      }
    },
    "root": {
      "inputs": {
        "bbrf": "bbrf",
        "darwin": "darwin",
        "darwinNixpkgs": "darwinNixpkgs",
        "home-manager": "home-manager",
        "nixpkgs": "nixpkgs",
        "nixpkgs-2111": "nixpkgs-2111"
      }
    },
    "utils": {
      "locked": {
        "lastModified": 1667395993,
        "narHash": "sha256-nuEHfE/LcWyuSWnS8t12N1wc105Qtau+/OdUAjtQ0rA=",
        "owner": "numtide",
        "repo": "flake-utils",
        "rev": "5aed5285a952e0b949eb3ba02c12fa4fcfef535f",
        "type": "github"
      },
      "original": {
        "owner": "numtide",
        "repo": "flake-utils",
        "type": "github"
      }
    },
    "utils_2": {
      "locked": {
        "lastModified": 1667395993,
        "narHash": "sha256-nuEHfE/LcWyuSWnS8t12N1wc105Qtau+/OdUAjtQ0rA=",
        "owner": "numtide",
        "repo": "flake-utils",
        "rev": "5aed5285a952e0b949eb3ba02c12fa4fcfef535f",
        "type": "github"
      },
      "original": {
        "owner": "numtide",
        "repo": "flake-utils",
        "type": "github"
      }
    }
  },
  "root": "root",
  "version": 7
}
