{
  "nodes": {
    "darwin": {
      "inputs": {
        "nixpkgs": [
          "darwinNixpkgs"
        ]
      },
      "locked": {
        "lastModified": 1661882940,
        "narHash": "sha256-4LaVFnV22WrOA0aolqqk9dXrM8crikcrLQt29G18F7M=",
        "owner": "lnl7",
        "repo": "nix-darwin",
        "rev": "80cec5115aae74accc4ccfb9f84306d7863f0632",
        "type": "github"
      },
      "original": {
        "owner": "lnl7",
        "ref": "master",
        "repo": "nix-darwin",
        "type": "github"
      }
    },
    "darwinNixpkgs": {
      "locked": {
        "lastModified": 1662073734,
        "narHash": "sha256-SXxqqRn1M/dEWZ4/9ko+5rXHtGGy3Y3s/645dmqAVNc=",
        "owner": "nixos",
        "repo": "nixpkgs",
        "rev": "f4160d8a7b960c3e59169607b336d255dcb84410",
        "type": "github"
      },
      "original": {
        "owner": "nixos",
        "ref": "nixpkgs-22.05-darwin",
        "repo": "nixpkgs",
        "type": "github"
      }
    },
    "home-manager": {
      "inputs": {
        "nixpkgs": [
          "nixpkgs"
        ]
      },
      "locked": {
        "lastModified": 1656169755,
        "narHash": "sha256-Nlnm4jeQWEGjYrE6hxi/7HYHjBSZ/E0RtjCYifnNsWk=",
        "owner": "nix-community",
        "repo": "home-manager",
        "rev": "4a3d01fb53f52ac83194081272795aa4612c2381",
        "type": "github"
      },
      "original": {
        "owner": "nix-community",
        "ref": "release-22.05",
        "repo": "home-manager",
        "type": "github"
      }
    },
    "nixpkgs": {
      "locked": {
        "lastModified": 1659052185,
        "narHash": "sha256-TUbwbzCbprtWB9EtXPM52cWuKETuCV3H+cMXjLRbwTw=",
        "owner": "NixOS",
        "repo": "nixpkgs",
        "rev": "9370544d849be8a07193e7611d02e6f6f1b10768",
        "type": "github"
      },
      "original": {
        "owner": "NixOS",
        "ref": "nixos-22.05",
        "repo": "nixpkgs",
        "type": "github"
      }
    },
    "nixpkgs-2111": {
      "locked": {
        "lastModified": 1658346836,
        "narHash": "sha256-c9BZZbi0tqCQ4j6CMVDlsut3Q3ET1Fezf+qIslCfkhs=",
        "owner": "NixOS",
        "repo": "nixpkgs",
        "rev": "a1fe662eb26ffc2a036b37c4670392ade632c413",
        "type": "github"
      },
      "original": {
        "owner": "NixOS",
        "ref": "nixos-21.11",
        "repo": "nixpkgs",
        "type": "github"
      }
    },
    "root": {
      "inputs": {
        "darwin": "darwin",
        "darwinNixpkgs": "darwinNixpkgs",
        "home-manager": "home-manager",
        "nixpkgs": "nixpkgs",
        "nixpkgs-2111": "nixpkgs-2111"
      }
    }
  },
  "root": "root",
  "version": 7
}
